
Microsoft Visual Studio Solution File, Format Version 12.00
# Visual Studio Version 16
VisualStudioVersion = 16.0.30804.86
MinimumVisualStudioVersion = 10.0.40219.1
Project("{FAE04EC0-301F-11D3-BF4B-00C04F79EFBC}") = "Course work.Databases. PSU. Post office. Variant 11", "Course work.Databases. PSU. Post office. Variant 11.csproj", "{766F907F-2330-4941-8A32-9ACB133727B9}"
EndProject
Global
	GlobalSection(SolutionConfigurationPlatforms) = preSolution
		Debug|Any CPU = Debug|Any CPU
		Release|Any CPU = Release|Any CPU
	EndGlobalSection
	GlobalSection(ProjectConfigurationPlatforms) = postSolution
		{766F907F-2330-4941-8A32-9ACB133727B9}.Debug|Any CPU.ActiveCfg = Debug|Any CPU
		{766F907F-2330-4941-8A32-9ACB133727B9}.Debug|Any CPU.Build.0 = Debug|Any CPU
		{766F907F-2330-4941-8A32-9ACB133727B9}.Release|Any CPU.ActiveCfg = Release|Any CPU
		{766F907F-2330-4941-8A32-9ACB133727B9}.Release|Any CPU.Build.0 = Release|Any CPU
	EndGlobalSection
	GlobalSection(SolutionProperties) = preSolution
		HideSolutionNode = FALSE
	EndGlobalSection
	GlobalSection(ExtensibilityGlobals) = postSolution
		SolutionGuid = {341BE1A1-33FA-423B-BD7A-C326FE2876B4}
	EndGlobalSection
EndGlobal
